
Microsoft Visual Studio Solution File, Format Version 12.00
# Visual Studio Version 17
VisualStudioVersion = 17.4.33110.190
MinimumVisualStudioVersion = 10.0.40219.1
Project("{FAE04EC0-301F-11D3-BF4B-00C04F79EFBC}") = "Subject", "Subject\Subject.csproj", "{39B6FB6E-A538-4778-ABBA-A85252AFA27B}"
EndProject
Global
	GlobalSection(SolutionConfigurationPlatforms) = preSolution
		Debug|Any CPU = Debug|Any CPU
		Release|Any CPU = Release|Any CPU
	EndGlobalSection
	GlobalSection(ProjectConfigurationPlatforms) = postSolution
		{39B6FB6E-A538-4778-ABBA-A85252AFA27B}.Debug|Any CPU.ActiveCfg = Debug|Any CPU
		{39B6FB6E-A538-4778-ABBA-A85252AFA27B}.Debug|Any CPU.Build.0 = Debug|Any CPU
		{39B6FB6E-A538-4778-ABBA-A85252AFA27B}.Release|Any CPU.ActiveCfg = Release|Any CPU
		{39B6FB6E-A538-4778-ABBA-A85252AFA27B}.Release|Any CPU.Build.0 = Release|Any CPU
	EndGlobalSection
	GlobalSection(SolutionProperties) = preSolution
		HideSolutionNode = FALSE
	EndGlobalSection
	GlobalSection(ExtensibilityGlobals) = postSolution
		SolutionGuid = {BD37AB62-C60A-43A7-8719-8BD429E589A6}
	EndGlobalSection
EndGlobal
